// !$*UTF8*$!
{
	archiveVersion = 1;
	classes = {
	};
	objectVersion = 50;
	objects = {

/* Begin PBXBuildFile section */
		44B3ADBC2325E79400107B79 /* AppDelegate.swift in Sources */ = {isa = PBXBuildFile; fileRef = 44B3ADBB2325E79400107B79 /* AppDelegate.swift */; };
		44B3ADBE2325E79400107B79 /* ViewController.swift in Sources */ = {isa = PBXBuildFile; fileRef = 44B3ADBD2325E79400107B79 /* ViewController.swift */; };
		44B3ADC12325E79400107B79 /* Main.storyboard in Resources */ = {isa = PBXBuildFile; fileRef = 44B3ADBF2325E79400107B79 /* Main.storyboard */; };
		44B3ADC32325E79600107B79 /* Assets.xcassets in Resources */ = {isa = PBXBuildFile; fileRef = 44B3ADC22325E79600107B79 /* Assets.xcassets */; };
		44B3ADC62325E79600107B79 /* LaunchScreen.storyboard in Resources */ = {isa = PBXBuildFile; fileRef = 44B3ADC42325E79600107B79 /* LaunchScreen.storyboard */; };
		44B3ADD12325E79600107B79 /* SwiftPurchaseTests.swift in Sources */ = {isa = PBXBuildFile; fileRef = 44B3ADD02325E79600107B79 /* SwiftPurchaseTests.swift */; };
		44B3ADDC2325E79600107B79 /* SwiftPurchaseUITests.swift in Sources */ = {isa = PBXBuildFile; fileRef = 44B3ADDB2325E79600107B79 /* SwiftPurchaseUITests.swift */; };
		44B3ADEB2325E93A00107B79 /* Purchase.storyboard in Resources */ = {isa = PBXBuildFile; fileRef = 44B3ADE92325E93A00107B79 /* Purchase.storyboard */; };
		44B3ADEC2325E93A00107B79 /* PurchaseViewController.swift in Sources */ = {isa = PBXBuildFile; fileRef = 44B3ADEA2325E93A00107B79 /* PurchaseViewController.swift */; };
		44B3ADF12325EA1100107B79 /* ProductListTableViewController.swift in Sources */ = {isa = PBXBuildFile; fileRef = 44B3ADEF2325EA1100107B79 /* ProductListTableViewController.swift */; };
		44B3ADF22325EA1100107B79 /* ProductList.storyboard in Resources */ = {isa = PBXBuildFile; fileRef = 44B3ADF02325EA1100107B79 /* ProductList.storyboard */; };
		44B3ADF42325F22800107B79 /* Product.swift in Sources */ = {isa = PBXBuildFile; fileRef = 44B3ADF32325F22800107B79 /* Product.swift */; };
/* End PBXBuildFile section */

/* Begin PBXContainerItemProxy section */
		44B3ADCD2325E79600107B79 /* PBXContainerItemProxy */ = {
			isa = PBXContainerItemProxy;
			containerPortal = 44B3ADB02325E79400107B79 /* Project object */;
			proxyType = 1;
			remoteGlobalIDString = 44B3ADB72325E79400107B79;
			remoteInfo = SwiftPurchase;
		};
		44B3ADD82325E79600107B79 /* PBXContainerItemProxy */ = {
			isa = PBXContainerItemProxy;
			containerPortal = 44B3ADB02325E79400107B79 /* Project object */;
			proxyType = 1;
			remoteGlobalIDString = 44B3ADB72325E79400107B79;
			remoteInfo = SwiftPurchase;
		};
/* End PBXContainerItemProxy section */

/* Begin PBXFileReference section */
		44B3ADB82325E79400107B79 /* SwiftPurchase.app */ = {isa = PBXFileReference; explicitFileType = wrapper.application; includeInIndex = 0; path = SwiftPurchase.app; sourceTree = BUILT_PRODUCTS_DIR; };
		44B3ADBB2325E79400107B79 /* AppDelegate.swift */ = {isa = PBXFileReference; lastKnownFileType = sourcecode.swift; path = AppDelegate.swift; sourceTree = "<group>"; };
		44B3ADBD2325E79400107B79 /* ViewController.swift */ = {isa = PBXFileReference; lastKnownFileType = sourcecode.swift; path = ViewController.swift; sourceTree = "<group>"; };
		44B3ADC02325E79400107B79 /* Base */ = {isa = PBXFileReference; lastKnownFileType = file.storyboard; name = Base; path = Base.lproj/Main.storyboard; sourceTree = "<group>"; };
		44B3ADC22325E79600107B79 /* Assets.xcassets */ = {isa = PBXFileReference; lastKnownFileType = folder.assetcatalog; path = Assets.xcassets; sourceTree = "<group>"; };
		44B3ADC52325E79600107B79 /* Base */ = {isa = PBXFileReference; lastKnownFileType = file.storyboard; name = Base; path = Base.lproj/LaunchScreen.storyboard; sourceTree = "<group>"; };
		44B3ADC72325E79600107B79 /* Info.plist */ = {isa = PBXFileReference; lastKnownFileType = text.plist.xml; path = Info.plist; sourceTree = "<group>"; };
		44B3ADCC2325E79600107B79 /* SwiftPurchaseTests.xctest */ = {isa = PBXFileReference; explicitFileType = wrapper.cfbundle; includeInIndex = 0; path = SwiftPurchaseTests.xctest; sourceTree = BUILT_PRODUCTS_DIR; };
		44B3ADD02325E79600107B79 /* SwiftPurchaseTests.swift */ = {isa = PBXFileReference; lastKnownFileType = sourcecode.swift; path = SwiftPurchaseTests.swift; sourceTree = "<group>"; };
		44B3ADD22325E79600107B79 /* Info.plist */ = {isa = PBXFileReference; lastKnownFileType = text.plist.xml; path = Info.plist; sourceTree = "<group>"; };
		44B3ADD72325E79600107B79 /* SwiftPurchaseUITests.xctest */ = {isa = PBXFileReference; explicitFileType = wrapper.cfbundle; includeInIndex = 0; path = SwiftPurchaseUITests.xctest; sourceTree = BUILT_PRODUCTS_DIR; };
		44B3ADDB2325E79600107B79 /* SwiftPurchaseUITests.swift */ = {isa = PBXFileReference; lastKnownFileType = sourcecode.swift; path = SwiftPurchaseUITests.swift; sourceTree = "<group>"; };
		44B3ADDD2325E79600107B79 /* Info.plist */ = {isa = PBXFileReference; lastKnownFileType = text.plist.xml; path = Info.plist; sourceTree = "<group>"; };
		44B3ADE92325E93A00107B79 /* Purchase.storyboard */ = {isa = PBXFileReference; fileEncoding = 4; lastKnownFileType = file.storyboard; path = Purchase.storyboard; sourceTree = "<group>"; };
		44B3ADEA2325E93A00107B79 /* PurchaseViewController.swift */ = {isa = PBXFileReference; fileEncoding = 4; lastKnownFileType = sourcecode.swift; path = PurchaseViewController.swift; sourceTree = "<group>"; };
		44B3ADEF2325EA1100107B79 /* ProductListTableViewController.swift */ = {isa = PBXFileReference; fileEncoding = 4; lastKnownFileType = sourcecode.swift; path = ProductListTableViewController.swift; sourceTree = "<group>"; };
		44B3ADF02325EA1100107B79 /* ProductList.storyboard */ = {isa = PBXFileReference; fileEncoding = 4; lastKnownFileType = file.storyboard; path = ProductList.storyboard; sourceTree = "<group>"; };
		44B3ADF32325F22800107B79 /* Product.swift */ = {isa = PBXFileReference; lastKnownFileType = sourcecode.swift; path = Product.swift; sourceTree = "<group>"; };
/* End PBXFileReference section */

/* Begin PBXFrameworksBuildPhase section */
		44B3ADB52325E79400107B79 /* Frameworks */ = {
			isa = PBXFrameworksBuildPhase;
			buildActionMask = 2147483647;
			files = (
			);
			runOnlyForDeploymentPostprocessing = 0;
		};
		44B3ADC92325E79600107B79 /* Frameworks */ = {
			isa = PBXFrameworksBuildPhase;
			buildActionMask = 2147483647;
			files = (
			);
			runOnlyForDeploymentPostprocessing = 0;
		};
		44B3ADD42325E79600107B79 /* Frameworks */ = {
			isa = PBXFrameworksBuildPhase;
			buildActionMask = 2147483647;
			files = (
			);
			runOnlyForDeploymentPostprocessing = 0;
		};
/* End PBXFrameworksBuildPhase section */

/* Begin PBXGroup section */
		44B3ADAF2325E79400107B79 = {
			isa = PBXGroup;
			children = (
				44B3ADBA2325E79400107B79 /* SwiftPurchase */,
				44B3ADCF2325E79600107B79 /* SwiftPurchaseTests */,
				44B3ADDA2325E79600107B79 /* SwiftPurchaseUITests */,
				44B3ADB92325E79400107B79 /* Products */,
			);
			sourceTree = "<group>";
		};
		44B3ADB92325E79400107B79 /* Products */ = {
			isa = PBXGroup;
			children = (
				44B3ADB82325E79400107B79 /* SwiftPurchase.app */,
				44B3ADCC2325E79600107B79 /* SwiftPurchaseTests.xctest */,
				44B3ADD72325E79600107B79 /* SwiftPurchaseUITests.xctest */,
			);
			name = Products;
			sourceTree = "<group>";
		};
		44B3ADBA2325E79400107B79 /* SwiftPurchase */ = {
			isa = PBXGroup;
			children = (
				44B3ADBB2325E79400107B79 /* AppDelegate.swift */,
				44B3ADF32325F22800107B79 /* Product.swift */,
				44B3ADEE2325E9BA00107B79 /* ProductList */,
				44B3ADED2325E9AB00107B79 /* Purchase */,
				44B3ADBD2325E79400107B79 /* ViewController.swift */,
				44B3ADBF2325E79400107B79 /* Main.storyboard */,
				44B3ADC22325E79600107B79 /* Assets.xcassets */,
				44B3ADC42325E79600107B79 /* LaunchScreen.storyboard */,
				44B3ADC72325E79600107B79 /* Info.plist */,
			);
			path = SwiftPurchase;
			sourceTree = "<group>";
		};
		44B3ADCF2325E79600107B79 /* SwiftPurchaseTests */ = {
			isa = PBXGroup;
			children = (
				44B3ADD02325E79600107B79 /* SwiftPurchaseTests.swift */,
				44B3ADD22325E79600107B79 /* Info.plist */,
			);
			path = SwiftPurchaseTests;
			sourceTree = "<group>";
		};
		44B3ADDA2325E79600107B79 /* SwiftPurchaseUITests */ = {
			isa = PBXGroup;
			children = (
				44B3ADDB2325E79600107B79 /* SwiftPurchaseUITests.swift */,
				44B3ADDD2325E79600107B79 /* Info.plist */,
			);
			path = SwiftPurchaseUITests;
			sourceTree = "<group>";
		};
		44B3ADED2325E9AB00107B79 /* Purchase */ = {
			isa = PBXGroup;
			children = (
				44B3ADE92325E93A00107B79 /* Purchase.storyboard */,
				44B3ADEA2325E93A00107B79 /* PurchaseViewController.swift */,
			);
			path = Purchase;
			sourceTree = "<group>";
		};
		44B3ADEE2325E9BA00107B79 /* ProductList */ = {
			isa = PBXGroup;
			children = (
				44B3ADF02325EA1100107B79 /* ProductList.storyboard */,
				44B3ADEF2325EA1100107B79 /* ProductListTableViewController.swift */,
			);
			path = ProductList;
			sourceTree = "<group>";
		};
/* End PBXGroup section */

/* Begin PBXNativeTarget section */
		44B3ADB72325E79400107B79 /* SwiftPurchase */ = {
			isa = PBXNativeTarget;
			buildConfigurationList = 44B3ADE02325E79600107B79 /* Build configuration list for PBXNativeTarget "SwiftPurchase" */;
			buildPhases = (
				44B3ADB42325E79400107B79 /* Sources */,
				44B3ADB52325E79400107B79 /* Frameworks */,
				44B3ADB62325E79400107B79 /* Resources */,
			);
			buildRules = (
			);
			dependencies = (
			);
			name = SwiftPurchase;
			productName = SwiftPurchase;
			productReference = 44B3ADB82325E79400107B79 /* SwiftPurchase.app */;
			productType = "com.apple.product-type.application";
		};
		44B3ADCB2325E79600107B79 /* SwiftPurchaseTests */ = {
			isa = PBXNativeTarget;
			buildConfigurationList = 44B3ADE32325E79600107B79 /* Build configuration list for PBXNativeTarget "SwiftPurchaseTests" */;
			buildPhases = (
				44B3ADC82325E79600107B79 /* Sources */,
				44B3ADC92325E79600107B79 /* Frameworks */,
				44B3ADCA2325E79600107B79 /* Resources */,
			);
			buildRules = (
			);
			dependencies = (
				44B3ADCE2325E79600107B79 /* PBXTargetDependency */,
			);
			name = SwiftPurchaseTests;
			productName = SwiftPurchaseTests;
			productReference = 44B3ADCC2325E79600107B79 /* SwiftPurchaseTests.xctest */;
			productType = "com.apple.product-type.bundle.unit-test";
		};
		44B3ADD62325E79600107B79 /* SwiftPurchaseUITests */ = {
			isa = PBXNativeTarget;
			buildConfigurationList = 44B3ADE62325E79600107B79 /* Build configuration list for PBXNativeTarget "SwiftPurchaseUITests" */;
			buildPhases = (
				44B3ADD32325E79600107B79 /* Sources */,
				44B3ADD42325E79600107B79 /* Frameworks */,
				44B3ADD52325E79600107B79 /* Resources */,
			);
			buildRules = (
			);
			dependencies = (
				44B3ADD92325E79600107B79 /* PBXTargetDependency */,
			);
			name = SwiftPurchaseUITests;
			productName = SwiftPurchaseUITests;
			productReference = 44B3ADD72325E79600107B79 /* SwiftPurchaseUITests.xctest */;
			productType = "com.apple.product-type.bundle.ui-testing";
		};
/* End PBXNativeTarget section */

/* Begin PBXProject section */
		44B3ADB02325E79400107B79 /* Project object */ = {
			isa = PBXProject;
			attributes = {
				LastSwiftUpdateCheck = 1030;
				LastUpgradeCheck = 1030;
				ORGANIZATIONNAME = "Masahiro Tamamura";
				TargetAttributes = {
					44B3ADB72325E79400107B79 = {
						CreatedOnToolsVersion = 10.3;
					};
					44B3ADCB2325E79600107B79 = {
						CreatedOnToolsVersion = 10.3;
						TestTargetID = 44B3ADB72325E79400107B79;
					};
					44B3ADD62325E79600107B79 = {
						CreatedOnToolsVersion = 10.3;
						TestTargetID = 44B3ADB72325E79400107B79;
					};
				};
			};
			buildConfigurationList = 44B3ADB32325E79400107B79 /* Build configuration list for PBXProject "SwiftPurchase" */;
			compatibilityVersion = "Xcode 9.3";
			developmentRegion = en;
			hasScannedForEncodings = 0;
			knownRegions = (
				en,
				Base,
			);
			mainGroup = 44B3ADAF2325E79400107B79;
			productRefGroup = 44B3ADB92325E79400107B79 /* Products */;
			projectDirPath = "";
			projectRoot = "";
			targets = (
				44B3ADB72325E79400107B79 /* SwiftPurchase */,
				44B3ADCB2325E79600107B79 /* SwiftPurchaseTests */,
				44B3ADD62325E79600107B79 /* SwiftPurchaseUITests */,
			);
		};
/* End PBXProject section */

/* Begin PBXResourcesBuildPhase section */
		44B3ADB62325E79400107B79 /* Resources */ = {
			isa = PBXResourcesBuildPhase;
			buildActionMask = 2147483647;
			files = (
				44B3ADC62325E79600107B79 /* LaunchScreen.storyboard in Resources */,
				44B3ADEB2325E93A00107B79 /* Purchase.storyboard in Resources */,
				44B3ADF22325EA1100107B79 /* ProductList.storyboard in Resources */,
				44B3ADC32325E79600107B79 /* Assets.xcassets in Resources */,
				44B3ADC12325E79400107B79 /* Main.storyboard in Resources */,
			);
			runOnlyForDeploymentPostprocessing = 0;
		};
		44B3ADCA2325E79600107B79 /* Resources */ = {
			isa = PBXResourcesBuildPhase;
			buildActionMask = 2147483647;
			files = (
			);
			runOnlyForDeploymentPostprocessing = 0;
		};
		44B3ADD52325E79600107B79 /* Resources */ = {
			isa = PBXResourcesBuildPhase;
			buildActionMask = 2147483647;
			files = (
			);
			runOnlyForDeploymentPostprocessing = 0;
		};
/* End PBXResourcesBuildPhase section */

/* Begin PBXSourcesBuildPhase section */
		44B3ADB42325E79400107B79 /* Sources */ = {
			isa = PBXSourcesBuildPhase;
			buildActionMask = 2147483647;
			files = (
				44B3ADBE2325E79400107B79 /* ViewController.swift in Sources */,
				44B3ADBC2325E79400107B79 /* AppDelegate.swift in Sources */,
				44B3ADF42325F22800107B79 /* Product.swift in Sources */,
				44B3ADEC2325E93A00107B79 /* PurchaseViewController.swift in Sources */,
				44B3ADF12325EA1100107B79 /* ProductListTableViewController.swift in Sources */,
			);
			runOnlyForDeploymentPostprocessing = 0;
		};
		44B3ADC82325E79600107B79 /* Sources */ = {
			isa = PBXSourcesBuildPhase;
			buildActionMask = 2147483647;
			files = (
				44B3ADD12325E79600107B79 /* SwiftPurchaseTests.swift in Sources */,
			);
			runOnlyForDeploymentPostprocessing = 0;
		};
		44B3ADD32325E79600107B79 /* Sources */ = {
			isa = PBXSourcesBuildPhase;
			buildActionMask = 2147483647;
			files = (
				44B3ADDC2325E79600107B79 /* SwiftPurchaseUITests.swift in Sources */,
			);
			runOnlyForDeploymentPostprocessing = 0;
		};
/* End PBXSourcesBuildPhase section */

/* Begin PBXTargetDependency section */
		44B3ADCE2325E79600107B79 /* PBXTargetDependency */ = {
			isa = PBXTargetDependency;
			target = 44B3ADB72325E79400107B79 /* SwiftPurchase */;
			targetProxy = 44B3ADCD2325E79600107B79 /* PBXContainerItemProxy */;
		};
		44B3ADD92325E79600107B79 /* PBXTargetDependency */ = {
			isa = PBXTargetDependency;
			target = 44B3ADB72325E79400107B79 /* SwiftPurchase */;
			targetProxy = 44B3ADD82325E79600107B79 /* PBXContainerItemProxy */;
		};
/* End PBXTargetDependency section */

/* Begin PBXVariantGroup section */
		44B3ADBF2325E79400107B79 /* Main.storyboard */ = {
			isa = PBXVariantGroup;
			children = (
				44B3ADC02325E79400107B79 /* Base */,
			);
			name = Main.storyboard;
			sourceTree = "<group>";
		};
		44B3ADC42325E79600107B79 /* LaunchScreen.storyboard */ = {
			isa = PBXVariantGroup;
			children = (
				44B3ADC52325E79600107B79 /* Base */,
			);
			name = LaunchScreen.storyboard;
			sourceTree = "<group>";
		};
/* End PBXVariantGroup section */

/* Begin XCBuildConfiguration section */
		44B3ADDE2325E79600107B79 /* Debug */ = {
			isa = XCBuildConfiguration;
			buildSettings = {
				ALWAYS_SEARCH_USER_PATHS = NO;
				CLANG_ANALYZER_NONNULL = YES;
				CLANG_ANALYZER_NUMBER_OBJECT_CONVERSION = YES_AGGRESSIVE;
				CLANG_CXX_LANGUAGE_STANDARD = "gnu++14";
				CLANG_CXX_LIBRARY = "libc++";
				CLANG_ENABLE_MODULES = YES;
				CLANG_ENABLE_OBJC_ARC = YES;
				CLANG_ENABLE_OBJC_WEAK = YES;
				CLANG_WARN_BLOCK_CAPTURE_AUTORELEASING = YES;
				CLANG_WARN_BOOL_CONVERSION = YES;
				CLANG_WARN_COMMA = YES;
				CLANG_WARN_CONSTANT_CONVERSION = YES;
				CLANG_WARN_DEPRECATED_OBJC_IMPLEMENTATIONS = YES;
				CLANG_WARN_DIRECT_OBJC_ISA_USAGE = YES_ERROR;
				CLANG_WARN_DOCUMENTATION_COMMENTS = YES;
				CLANG_WARN_EMPTY_BODY = YES;
				CLANG_WARN_ENUM_CONVERSION = YES;
				CLANG_WARN_INFINITE_RECURSION = YES;
				CLANG_WARN_INT_CONVERSION = YES;
				CLANG_WARN_NON_LITERAL_NULL_CONVERSION = YES;
				CLANG_WARN_OBJC_IMPLICIT_RETAIN_SELF = YES;
				CLANG_WARN_OBJC_LITERAL_CONVERSION = YES;
				CLANG_WARN_OBJC_ROOT_CLASS = YES_ERROR;
				CLANG_WARN_RANGE_LOOP_ANALYSIS = YES;
				CLANG_WARN_STRICT_PROTOTYPES = YES;
				CLANG_WARN_SUSPICIOUS_MOVE = YES;
				CLANG_WARN_UNGUARDED_AVAILABILITY = YES_AGGRESSIVE;
				CLANG_WARN_UNREACHABLE_CODE = YES;
				CLANG_WARN__DUPLICATE_METHOD_MATCH = YES;
				CODE_SIGN_IDENTITY = "iPhone Developer";
				COPY_PHASE_STRIP = NO;
				DEBUG_INFORMATION_FORMAT = dwarf;
				ENABLE_STRICT_OBJC_MSGSEND = YES;
				ENABLE_TESTABILITY = YES;
				GCC_C_LANGUAGE_STANDARD = gnu11;
				GCC_DYNAMIC_NO_PIC = NO;
				GCC_NO_COMMON_BLOCKS = YES;
				GCC_OPTIMIZATION_LEVEL = 0;
				GCC_PREPROCESSOR_DEFINITIONS = (
					"DEBUG=1",
					"$(inherited)",
				);
				GCC_WARN_64_TO_32_BIT_CONVERSION = YES;
				GCC_WARN_ABOUT_RETURN_TYPE = YES_ERROR;
				GCC_WARN_UNDECLARED_SELECTOR = YES;
				GCC_WARN_UNINITIALIZED_AUTOS = YES_AGGRESSIVE;
				GCC_WARN_UNUSED_FUNCTION = YES;
				GCC_WARN_UNUSED_VARIABLE = YES;
				IPHONEOS_DEPLOYMENT_TARGET = 12.4;
				MTL_ENABLE_DEBUG_INFO = INCLUDE_SOURCE;
				MTL_FAST_MATH = YES;
				ONLY_ACTIVE_ARCH = YES;
				SDKROOT = iphoneos;
				SWIFT_ACTIVE_COMPILATION_CONDITIONS = DEBUG;
				SWIFT_OPTIMIZATION_LEVEL = "-Onone";
			};
			name = Debug;
		};
		44B3ADDF2325E79600107B79 /* Release */ = {
			isa = XCBuildConfiguration;
			buildSettings = {
				ALWAYS_SEARCH_USER_PATHS = NO;
				CLANG_ANALYZER_NONNULL = YES;
				CLANG_ANALYZER_NUMBER_OBJECT_CONVERSION = YES_AGGRESSIVE;
				CLANG_CXX_LANGUAGE_STANDARD = "gnu++14";
				CLANG_CXX_LIBRARY = "libc++";
				CLANG_ENABLE_MODULES = YES;
				CLANG_ENABLE_OBJC_ARC = YES;
				CLANG_ENABLE_OBJC_WEAK = YES;
				CLANG_WARN_BLOCK_CAPTURE_AUTORELEASING = YES;
				CLANG_WARN_BOOL_CONVERSION = YES;
				CLANG_WARN_COMMA = YES;
				CLANG_WARN_CONSTANT_CONVERSION = YES;
				CLANG_WARN_DEPRECATED_OBJC_IMPLEMENTATIONS = YES;
				CLANG_WARN_DIRECT_OBJC_ISA_USAGE = YES_ERROR;
				CLANG_WARN_DOCUMENTATION_COMMENTS = YES;
				CLANG_WARN_EMPTY_BODY = YES;
				CLANG_WARN_ENUM_CONVERSION = YES;
				CLANG_WARN_INFINITE_RECURSION = YES;
				CLANG_WARN_INT_CONVERSION = YES;
				CLANG_WARN_NON_LITERAL_NULL_CONVERSION = YES;
				CLANG_WARN_OBJC_IMPLICIT_RETAIN_SELF = YES;
				CLANG_WARN_OBJC_LITERAL_CONVERSION = YES;
				CLANG_WARN_OBJC_ROOT_CLASS = YES_ERROR;
				CLANG_WARN_RANGE_LOOP_ANALYSIS = YES;
				CLANG_WARN_STRICT_PROTOTYPES = YES;
				CLANG_WARN_SUSPICIOUS_MOVE = YES;
				CLANG_WARN_UNGUARDED_AVAILABILITY = YES_AGGRESSIVE;
				CLANG_WARN_UNREACHABLE_CODE = YES;
				CLANG_WARN__DUPLICATE_METHOD_MATCH = YES;
				CODE_SIGN_IDENTITY = "iPhone Developer";
				COPY_PHASE_STRIP = NO;
				DEBUG_INFORMATION_FORMAT = "dwarf-with-dsym";
				ENABLE_NS_ASSERTIONS = NO;
				ENABLE_STRICT_OBJC_MSGSEND = YES;
				GCC_C_LANGUAGE_STANDARD = gnu11;
				GCC_NO_COMMON_BLOCKS = YES;
				GCC_WARN_64_TO_32_BIT_CONVERSION = YES;
				GCC_WARN_ABOUT_RETURN_TYPE = YES_ERROR;
				GCC_WARN_UNDECLARED_SELECTOR = YES;
				GCC_WARN_UNINITIALIZED_AUTOS = YES_AGGRESSIVE;
				GCC_WARN_UNUSED_FUNCTION = YES;
				GCC_WARN_UNUSED_VARIABLE = YES;
				IPHONEOS_DEPLOYMENT_TARGET = 12.4;
				MTL_ENABLE_DEBUG_INFO = NO;
				MTL_FAST_MATH = YES;
				SDKROOT = iphoneos;
				SWIFT_COMPILATION_MODE = wholemodule;
				SWIFT_OPTIMIZATION_LEVEL = "-O";
				VALIDATE_PRODUCT = YES;
			};
			name = Release;
		};
		44B3ADE12325E79600107B79 /* Debug */ = {
			isa = XCBuildConfiguration;
			buildSettings = {
				ASSETCATALOG_COMPILER_APPICON_NAME = AppIcon;
				CODE_SIGN_STYLE = Automatic;
				DEVELOPMENT_TEAM = L98QP37VE2;
				INFOPLIST_FILE = SwiftPurchase/Info.plist;
				IPHONEOS_DEPLOYMENT_TARGET = 12.3;
				LD_RUNPATH_SEARCH_PATHS = (
					"$(inherited)",
					"@executable_path/Frameworks",
				);
				PRODUCT_BUNDLE_IDENTIFIER = net.jp.garlands.SwiftPurchase;
				PRODUCT_NAME = "$(TARGET_NAME)";
				SWIFT_VERSION = 5.0;
				TARGETED_DEVICE_FAMILY = "1,2";
			};
			name = Debug;
		};
		44B3ADE22325E79600107B79 /* Release */ = {
			isa = XCBuildConfiguration;
			buildSettings = {
				ASSETCATALOG_COMPILER_APPICON_NAME = AppIcon;
				CODE_SIGN_STYLE = Automatic;
				DEVELOPMENT_TEAM = L98QP37VE2;
				INFOPLIST_FILE = SwiftPurchase/Info.plist;
				IPHONEOS_DEPLOYMENT_TARGET = 12.3;
				LD_RUNPATH_SEARCH_PATHS = (
					"$(inherited)",
					"@executable_path/Frameworks",
				);
				PRODUCT_BUNDLE_IDENTIFIER = net.jp.garlands.SwiftPurchase;
				PRODUCT_NAME = "$(TARGET_NAME)";
				SWIFT_VERSION = 5.0;
				TARGETED_DEVICE_FAMILY = "1,2";
			};
			name = Release;
		};
		44B3ADE42325E79600107B79 /* Debug */ = {
			isa = XCBuildConfiguration;
			buildSettings = {
				ALWAYS_EMBED_SWIFT_STANDARD_LIBRARIES = YES;
				BUNDLE_LOADER = "$(TEST_HOST)";
				CODE_SIGN_STYLE = Automatic;
				DEVELOPMENT_TEAM = L98QP37VE2;
				INFOPLIST_FILE = SwiftPurchaseTests/Info.plist;
				LD_RUNPATH_SEARCH_PATHS = (
					"$(inherited)",
					"@executable_path/Frameworks",
					"@loader_path/Frameworks",
				);
				PRODUCT_BUNDLE_IDENTIFIER = net.jp.garlands.SwiftPurchaseTests;
				PRODUCT_NAME = "$(TARGET_NAME)";
				SWIFT_VERSION = 5.0;
				TARGETED_DEVICE_FAMILY = "1,2";
				TEST_HOST = "$(BUILT_PRODUCTS_DIR)/SwiftPurchase.app/SwiftPurchase";
			};
			name = Debug;
		};
		44B3ADE52325E79600107B79 /* Release */ = {
			isa = XCBuildConfiguration;
			buildSettings = {
				ALWAYS_EMBED_SWIFT_STANDARD_LIBRARIES = YES;
				BUNDLE_LOADER = "$(TEST_HOST)";
				CODE_SIGN_STYLE = Automatic;
				DEVELOPMENT_TEAM = L98QP37VE2;
				INFOPLIST_FILE = SwiftPurchaseTests/Info.plist;
				LD_RUNPATH_SEARCH_PATHS = (
					"$(inherited)",
					"@executable_path/Frameworks",
					"@loader_path/Frameworks",
				);
				PRODUCT_BUNDLE_IDENTIFIER = net.jp.garlands.SwiftPurchaseTests;
				PRODUCT_NAME = "$(TARGET_NAME)";
				SWIFT_VERSION = 5.0;
				TARGETED_DEVICE_FAMILY = "1,2";
				TEST_HOST = "$(BUILT_PRODUCTS_DIR)/SwiftPurchase.app/SwiftPurchase";
			};
			name = Release;
		};
		44B3ADE72325E79600107B79 /* Debug */ = {
			isa = XCBuildConfiguration;
			buildSettings = {
				ALWAYS_EMBED_SWIFT_STANDARD_LIBRARIES = YES;
				CODE_SIGN_STYLE = Automatic;
				DEVELOPMENT_TEAM = L98QP37VE2;
				INFOPLIST_FILE = SwiftPurchaseUITests/Info.plist;
				LD_RUNPATH_SEARCH_PATHS = (
					"$(inherited)",
					"@executable_path/Frameworks",
					"@loader_path/Frameworks",
				);
				PRODUCT_BUNDLE_IDENTIFIER = net.jp.garlands.SwiftPurchaseUITests;
				PRODUCT_NAME = "$(TARGET_NAME)";
				SWIFT_VERSION = 5.0;
				TARGETED_DEVICE_FAMILY = "1,2";
				TEST_TARGET_NAME = SwiftPurchase;
			};
			name = Debug;
		};
		44B3ADE82325E79600107B79 /* Release */ = {
			isa = XCBuildConfiguration;
			buildSettings = {
				ALWAYS_EMBED_SWIFT_STANDARD_LIBRARIES = YES;
				CODE_SIGN_STYLE = Automatic;
				DEVELOPMENT_TEAM = L98QP37VE2;
				INFOPLIST_FILE = SwiftPurchaseUITests/Info.plist;
				LD_RUNPATH_SEARCH_PATHS = (
					"$(inherited)",
					"@executable_path/Frameworks",
					"@loader_path/Frameworks",
				);
				PRODUCT_BUNDLE_IDENTIFIER = net.jp.garlands.SwiftPurchaseUITests;
				PRODUCT_NAME = "$(TARGET_NAME)";
				SWIFT_VERSION = 5.0;
				TARGETED_DEVICE_FAMILY = "1,2";
				TEST_TARGET_NAME = SwiftPurchase;
			};
			name = Release;
		};
/* End XCBuildConfiguration section */

/* Begin XCConfigurationList section */
		44B3ADB32325E79400107B79 /* Build configuration list for PBXProject "SwiftPurchase" */ = {
			isa = XCConfigurationList;
			buildConfigurations = (
				44B3ADDE2325E79600107B79 /* Debug */,
				44B3ADDF2325E79600107B79 /* Release */,
			);
			defaultConfigurationIsVisible = 0;
			defaultConfigurationName = Release;
		};
		44B3ADE02325E79600107B79 /* Build configuration list for PBXNativeTarget "SwiftPurchase" */ = {
			isa = XCConfigurationList;
			buildConfigurations = (
				44B3ADE12325E79600107B79 /* Debug */,
				44B3ADE22325E79600107B79 /* Release */,
			);
			defaultConfigurationIsVisible = 0;
			defaultConfigurationName = Release;
		};
		44B3ADE32325E79600107B79 /* Build configuration list for PBXNativeTarget "SwiftPurchaseTests" */ = {
			isa = XCConfigurationList;
			buildConfigurations = (
				44B3ADE42325E79600107B79 /* Debug */,
				44B3ADE52325E79600107B79 /* Release */,
			);
			defaultConfigurationIsVisible = 0;
			defaultConfigurationName = Release;
		};
		44B3ADE62325E79600107B79 /* Build configuration list for PBXNativeTarget "SwiftPurchaseUITests" */ = {
			isa = XCConfigurationList;
			buildConfigurations = (
				44B3ADE72325E79600107B79 /* Debug */,
				44B3ADE82325E79600107B79 /* Release */,
			);
			defaultConfigurationIsVisible = 0;
			defaultConfigurationName = Release;
		};
/* End XCConfigurationList section */
	};
	rootObject = 44B3ADB02325E79400107B79 /* Project object */;
}
